{
  "name": "prpp-backend",
  "version": "0.1.0",
  "lockfileVersion": 3,
  "requires": true,
  "packages": {
    "": {
      "name": "prpp-backend",
      "version": "0.1.0",
      "license": "Apache-2.0",
      "dependencies": {
        "@medplum/core": "5.1.42"
      },
      "devDependencies": {
        "@medplum/definitions": "5.1.42",
        "@medplum/mock": "5.1.42"
      },
      "engines": {
        "node": ">=20"
      }
    },
    "node_modules/@medplum/core": {
      "version": "5.1.42",
      "resolved": "https://registry.npmjs.org/@medplum/core/-/core-5.1.42.tgz",
      "integrity": "sha512-zPG395Rwp6CbwXZ4lznBsv5+k5WawUiVIMggRmQloNFbkoTjvKzEh7b5uNsxkmDBEaBQiYuuzUZKVWTxXlnF/Q==",
      "license": "Apache-2.0",
      "engines": {
        "node": "^22.18.0 || >=24.2.0"
      },
      "peerDependencies": {
        "pdfmake": "^0.2.5"
      },
      "peerDependenciesMeta": {
        "pdfmake": {
          "optional": true
        }
      }
    },
    "node_modules/@medplum/definitions": {
      "version": "5.1.42",
      "resolved": "https://registry.npmjs.org/@medplum/definitions/-/definitions-5.1.42.tgz",
      "integrity": "sha512-bCXucZAwVfYi8NnJMJncgEauDKbAT7PZDmDqq6d8Zgc48PuJ0jkqL4eFF26F+TtRy8D38zdCzd/b1Zpi11+UFw==",
      "dev": true,
      "license": "Apache-2.0",
      "engines": {
        "node": "^22.18.0 || >=24.2.0"
      }
    },
    "node_modules/@medplum/fhir-router": {
      "version": "5.1.42",
      "resolved": "https://registry.npmjs.org/@medplum/fhir-router/-/fhir-router-5.1.42.tgz",
      "integrity": "sha512-CdL/+Suww3Mg0qbTjqUUEOQG7+nNL+lo7UaFPMXabIpIAjiI6ir+5WX/br3RYrChNpGdQLIabQCDMeI2JXhiAg==",
      "dev": true,
      "license": "Apache-2.0",
      "dependencies": {
        "@medplum/core": "5.1.42",
        "@medplum/definitions": "5.1.42",
        "@medplum/fhirtypes": "5.1.42",
        "dataloader": "2.2.3",
        "graphql": "17.0.2"
      },
      "engines": {
        "node": "^22.18.0 || >=24.2.0"
      }
    },
    "node_modules/@medplum/fhirtypes": {
      "version": "5.1.42",
      "resolved": "https://registry.npmjs.org/@medplum/fhirtypes/-/fhirtypes-5.1.42.tgz",
      "integrity": "sha512-7Jr1iBE/pJ3g1/WU31loG6Hz4KYauGjZzFKnwjprMedSd14sK+UbZhYkOeX3peUhEVPa9wUWLb+3opnuHgiKUw==",
      "dev": true,
      "license": "Apache-2.0",
      "engines": {
        "node": "^22.18.0 || >=24.2.0"
      }
    },
    "node_modules/@medplum/mock": {
      "version": "5.1.42",
      "resolved": "https://registry.npmjs.org/@medplum/mock/-/mock-5.1.42.tgz",
      "integrity": "sha512-QrQ0UH/dLq135ItXqEFE2inZUtyqKcuAKOfM6vYH1QgaZj1ZjJ5IPgj63n8w0NHEO26ZhllJ6rFi+fGysrACuA==",
      "dev": true,
      "license": "Apache-2.0",
      "dependencies": {
        "@medplum/core": "5.1.42",
        "@medplum/definitions": "5.1.42",
        "@medplum/fhir-router": "5.1.42",
        "@medplum/fhirtypes": "5.1.42",
        "dataloader": "2.2.3"
      },
      "engines": {
        "node": "^22.18.0 || >=24.2.0"
      }
    },
    "node_modules/dataloader": {
      "version": "2.2.3",
      "resolved": "https://registry.npmjs.org/dataloader/-/dataloader-2.2.3.tgz",
      "integrity": "sha512-y2krtASINtPFS1rSDjacrFgn1dcUuoREVabwlOGOe4SdxenREqwjwjElAdwvbGM7kgZz9a3KVicWR7vcz8rnzA==",
      "dev": true,
      "license": "MIT"
    },
    "node_modules/graphql": {
      "version": "17.0.2",
      "resolved": "https://registry.npmjs.org/graphql/-/graphql-17.0.2.tgz",
      "integrity": "sha512-FRWbddMxfkjiB7z+aQDWIR+E34xo9I8c9mtK2RPv8PmMzKRvrdsreHL/Ui/TmwHJfhHChEtsFPyMHKI+xuarQQ==",
      "dev": true,
      "license": "MIT",
      "engines": {
        "node": "^22.0.0 || ^24.0.0 || ^25.0.0 || >=26.0.0"
      }
    }
  }
}
